{
  "name": "modular-adal",
  "version": "1.0.0",
  "lockfileVersion": 1,
  "requires": true,
  "dependencies": {
    "adal-angular": {
      "version": "1.0.15",
      "resolved": "https://registry.npmjs.org/adal-angular/-/adal-angular-1.0.15.tgz",
      "integrity": "sha1-8qnvgvNYxEToMUKs5l0yJ6RBBDs=",
      "dev": true
    }
  }
}
